
Microsoft Visual Studio Solution File, Format Version 12.00
# Visual Studio Version 16
VisualStudioVersion = 16.0.30503.244
MinimumVisualStudioVersion = 10.0.40219.1
Project("{FAE04EC0-301F-11D3-BF4B-00C04F79EFBC}") = "WinCustom", "WinCustom\WinCustom.csproj", "{D7036D65-4C2A-468C-8C2C-DE06539C0852}"
EndProject
Global
	GlobalSection(SolutionConfigurationPlatforms) = preSolution
		Debug|Any CPU = Debug|Any CPU
		Release|Any CPU = Release|Any CPU
	EndGlobalSection
	GlobalSection(ProjectConfigurationPlatforms) = postSolution
		{D7036D65-4C2A-468C-8C2C-DE06539C0852}.Debug|Any CPU.ActiveCfg = Debug|Any CPU
		{D7036D65-4C2A-468C-8C2C-DE06539C0852}.Debug|Any CPU.Build.0 = Debug|Any CPU
		{D7036D65-4C2A-468C-8C2C-DE06539C0852}.Release|Any CPU.ActiveCfg = Release|Any CPU
		{D7036D65-4C2A-468C-8C2C-DE06539C0852}.Release|Any CPU.Build.0 = Release|Any CPU
	EndGlobalSection
	GlobalSection(SolutionProperties) = preSolution
		HideSolutionNode = FALSE
	EndGlobalSection
	GlobalSection(ExtensibilityGlobals) = postSolution
		SolutionGuid = {D3166FB1-262E-43FD-AA7F-46C30BB86639}
	EndGlobalSection
EndGlobal
